
Microsoft Visual Studio Solution File, Format Version 12.00
# Visual Studio Version 17
VisualStudioVersion = 17.2.32526.322
MinimumVisualStudioVersion = 10.0.40219.1
Project("{2150E333-8FDC-42A3-9474-1A3956D46DE8}") = "core-lib", "core-lib", "{515D6BC9-994F-4B81-9B88-B50490E348EA}"
EndProject
Project("{9A19103F-16F7-4668-BE54-9A1E7A4F7556}") = "Core.ApiPipeline", "core-lib\src\Core.ApiPipeline\Core.ApiPipeline.csproj", "{9494F461-EA59-41B6-8B98-422B2A34E14B}"
EndProject
Project("{2150E333-8FDC-42A3-9474-1A3956D46DE8}") = "tests", "tests", "{50225345-3DD0-47BB-A74E-051CE7E31D33}"
EndProject
Project("{9A19103F-16F7-4668-BE54-9A1E7A4F7556}") = "Core.ApiPipeline.UnitTests", "core-lib\tests\Core.ApiPipeline.UnitTests\Core.ApiPipeline.UnitTests.csproj", "{49A5B48D-A6B2-4DE8-B7B3-49BF5E0F97AB}"
EndProject
Project("{2150E333-8FDC-42A3-9474-1A3956D46DE8}") = "database-lib", "database-lib", "{916C1CDA-3662-4079-9D6C-70B7FF875322}"
EndProject
Project("{9A19103F-16F7-4668-BE54-9A1E7A4F7556}") = "EshopDb.Contracts", "database-lib\src\EshopDb.Contracts\EshopDb.Contracts.csproj", "{C6FBF53C-11B1-445C-A222-648CEFD56B52}"
EndProject
Project("{9A19103F-16F7-4668-BE54-9A1E7A4F7556}") = "EshopDb.Dapper", "database-lib\src\EshopDb.Dapper\EshopDb.Dapper.csproj", "{643A9A00-B9CD-40EF-BB77-7F0CFA06B020}"
EndProject
Project("{2150E333-8FDC-42A3-9474-1A3956D46DE8}") = "tests", "tests", "{3299E739-4493-4483-9E92-3DE4D15415AF}"
EndProject
Project("{9A19103F-16F7-4668-BE54-9A1E7A4F7556}") = "EshopDb.Dapper.IntegrationTests", "database-lib\tests\EshopDb.Dapper.IntegrationTests\EshopDb.Dapper.IntegrationTests.csproj", "{BDE7B73C-1719-42C7-ADF8-4CC906C085FA}"
EndProject
Project("{2150E333-8FDC-42A3-9474-1A3956D46DE8}") = "eshop-be", "eshop-be", "{64F5CA77-4EAB-423D-BFD8-87DC751BD4C3}"
EndProject
Project("{9A19103F-16F7-4668-BE54-9A1E7A4F7556}") = "Eshop.Core.Contracts", "eshop-be\src\Eshop.Core.Contracts\Eshop.Core.Contracts.csproj", "{EE412903-D2F0-4AEC-AB29-5A50F2A0CD6C}"
EndProject
Project("{9A19103F-16F7-4668-BE54-9A1E7A4F7556}") = "Eshop.Core.Logic", "eshop-be\src\Eshop.Core.Logic\Eshop.Core.Logic.csproj", "{E673C663-66AE-45D1-A0ED-53D33AE30D63}"
EndProject
Project("{9A19103F-16F7-4668-BE54-9A1E7A4F7556}") = "Eshop.Web.Api", "eshop-be\src\Eshop.Web.Api\Eshop.Web.Api.csproj", "{CAD3EE32-4C71-4B71-ACD3-0E099EA35992}"
EndProject
Project("{2150E333-8FDC-42A3-9474-1A3956D46DE8}") = "tests", "tests", "{557174C9-B6ED-425B-BC6F-D0685BBC7CDD}"
EndProject
Project("{9A19103F-16F7-4668-BE54-9A1E7A4F7556}") = "Eshop.Core.Logic.UnitTests", "eshop-be\tests\Eshop.Core.Logic.UnitTests\Eshop.Core.Logic.UnitTests.csproj", "{687CE403-62C8-47AC-BFA3-0FF0A167F434}"
EndProject
Project("{9A19103F-16F7-4668-BE54-9A1E7A4F7556}") = "Eshop.Web.Api.FunctionalTests", "eshop-be\tests\Eshop.Web.Api.FunctionalTests\Eshop.Web.Api.FunctionalTests.csproj", "{9B008CBD-0D38-487D-A847-D98BE05AC6EE}"
EndProject
Project("{2150E333-8FDC-42A3-9474-1A3956D46DE8}") = "Solution Items", "Solution Items", "{3CE41C21-D5F4-45F1-9C8E-F261C3FB8531}"
	ProjectSection(SolutionItems) = preProject
		README.md = README.md
	EndProjectSection
EndProject
Project("{2150E333-8FDC-42A3-9474-1A3956D46DE8}") = "tools", "tools", "{0B0EA745-F40E-4095-8D26-1DF092232EB4}"
EndProject
Project("{9A19103F-16F7-4668-BE54-9A1E7A4F7556}") = "DataSeeder.App", "tools\dataseeder\src\DataSeeder.App\DataSeeder.App.csproj", "{531D7B28-3918-4F37-BA3D-AC9837B56DF2}"
EndProject
Project("{00D1A9C2-B5F0-4AF3-8072-F6C62B433612}") = "EshopDb.Database", "database-lib\src\EshopDb.Database\EshopDb.Database.sqlproj", "{6DDB9FD9-9B14-4224-9800-5B10BCE61211}"
EndProject
Project("{9A19103F-16F7-4668-BE54-9A1E7A4F7556}") = "Core.Testing", "core-lib\src\Core.Testing\Core.Testing.csproj", "{88E2B768-B3E7-4444-9A41-4D4BA5B181FF}"
EndProject
Project("{9A19103F-16F7-4668-BE54-9A1E7A4F7556}") = "Database.Common", "database-lib\src\Database.Common\Database.Common.csproj", "{8B7AB98D-0FEA-448D-BA0E-42E210EF9501}"
EndProject
Global
	GlobalSection(SolutionConfigurationPlatforms) = preSolution
		Debug|Any CPU = Debug|Any CPU
		Release|Any CPU = Release|Any CPU
	EndGlobalSection
	GlobalSection(ProjectConfigurationPlatforms) = postSolution
		{9494F461-EA59-41B6-8B98-422B2A34E14B}.Debug|Any CPU.ActiveCfg = Debug|Any CPU
		{9494F461-EA59-41B6-8B98-422B2A34E14B}.Debug|Any CPU.Build.0 = Debug|Any CPU
		{9494F461-EA59-41B6-8B98-422B2A34E14B}.Release|Any CPU.ActiveCfg = Release|Any CPU
		{9494F461-EA59-41B6-8B98-422B2A34E14B}.Release|Any CPU.Build.0 = Release|Any CPU
		{49A5B48D-A6B2-4DE8-B7B3-49BF5E0F97AB}.Debug|Any CPU.ActiveCfg = Debug|Any CPU
		{49A5B48D-A6B2-4DE8-B7B3-49BF5E0F97AB}.Debug|Any CPU.Build.0 = Debug|Any CPU
		{49A5B48D-A6B2-4DE8-B7B3-49BF5E0F97AB}.Release|Any CPU.ActiveCfg = Release|Any CPU
		{49A5B48D-A6B2-4DE8-B7B3-49BF5E0F97AB}.Release|Any CPU.Build.0 = Release|Any CPU
		{C6FBF53C-11B1-445C-A222-648CEFD56B52}.Debug|Any CPU.ActiveCfg = Debug|Any CPU
		{C6FBF53C-11B1-445C-A222-648CEFD56B52}.Debug|Any CPU.Build.0 = Debug|Any CPU
		{C6FBF53C-11B1-445C-A222-648CEFD56B52}.Release|Any CPU.ActiveCfg = Release|Any CPU
		{C6FBF53C-11B1-445C-A222-648CEFD56B52}.Release|Any CPU.Build.0 = Release|Any CPU
		{643A9A00-B9CD-40EF-BB77-7F0CFA06B020}.Debug|Any CPU.ActiveCfg = Debug|Any CPU
		{643A9A00-B9CD-40EF-BB77-7F0CFA06B020}.Debug|Any CPU.Build.0 = Debug|Any CPU
		{643A9A00-B9CD-40EF-BB77-7F0CFA06B020}.Release|Any CPU.ActiveCfg = Release|Any CPU
		{643A9A00-B9CD-40EF-BB77-7F0CFA06B020}.Release|Any CPU.Build.0 = Release|Any CPU
		{BDE7B73C-1719-42C7-ADF8-4CC906C085FA}.Debug|Any CPU.ActiveCfg = Debug|Any CPU
		{BDE7B73C-1719-42C7-ADF8-4CC906C085FA}.Debug|Any CPU.Build.0 = Debug|Any CPU
		{BDE7B73C-1719-42C7-ADF8-4CC906C085FA}.Release|Any CPU.ActiveCfg = Release|Any CPU
		{BDE7B73C-1719-42C7-ADF8-4CC906C085FA}.Release|Any CPU.Build.0 = Release|Any CPU
		{EE412903-D2F0-4AEC-AB29-5A50F2A0CD6C}.Debug|Any CPU.ActiveCfg = Debug|Any CPU
		{EE412903-D2F0-4AEC-AB29-5A50F2A0CD6C}.Debug|Any CPU.Build.0 = Debug|Any CPU
		{EE412903-D2F0-4AEC-AB29-5A50F2A0CD6C}.Release|Any CPU.ActiveCfg = Release|Any CPU
		{EE412903-D2F0-4AEC-AB29-5A50F2A0CD6C}.Release|Any CPU.Build.0 = Release|Any CPU
		{E673C663-66AE-45D1-A0ED-53D33AE30D63}.Debug|Any CPU.ActiveCfg = Debug|Any CPU
		{E673C663-66AE-45D1-A0ED-53D33AE30D63}.Debug|Any CPU.Build.0 = Debug|Any CPU
		{E673C663-66AE-45D1-A0ED-53D33AE30D63}.Release|Any CPU.ActiveCfg = Release|Any CPU
		{E673C663-66AE-45D1-A0ED-53D33AE30D63}.Release|Any CPU.Build.0 = Release|Any CPU
		{CAD3EE32-4C71-4B71-ACD3-0E099EA35992}.Debug|Any CPU.ActiveCfg = Debug|Any CPU
		{CAD3EE32-4C71-4B71-ACD3-0E099EA35992}.Debug|Any CPU.Build.0 = Debug|Any CPU
		{CAD3EE32-4C71-4B71-ACD3-0E099EA35992}.Release|Any CPU.ActiveCfg = Release|Any CPU
		{CAD3EE32-4C71-4B71-ACD3-0E099EA35992}.Release|Any CPU.Build.0 = Release|Any CPU
		{687CE403-62C8-47AC-BFA3-0FF0A167F434}.Debug|Any CPU.ActiveCfg = Debug|Any CPU
		{687CE403-62C8-47AC-BFA3-0FF0A167F434}.Debug|Any CPU.Build.0 = Debug|Any CPU
		{687CE403-62C8-47AC-BFA3-0FF0A167F434}.Release|Any CPU.ActiveCfg = Release|Any CPU
		{687CE403-62C8-47AC-BFA3-0FF0A167F434}.Release|Any CPU.Build.0 = Release|Any CPU
		{9B008CBD-0D38-487D-A847-D98BE05AC6EE}.Debug|Any CPU.ActiveCfg = Debug|Any CPU
		{9B008CBD-0D38-487D-A847-D98BE05AC6EE}.Debug|Any CPU.Build.0 = Debug|Any CPU
		{9B008CBD-0D38-487D-A847-D98BE05AC6EE}.Release|Any CPU.ActiveCfg = Release|Any CPU
		{9B008CBD-0D38-487D-A847-D98BE05AC6EE}.Release|Any CPU.Build.0 = Release|Any CPU
		{531D7B28-3918-4F37-BA3D-AC9837B56DF2}.Debug|Any CPU.ActiveCfg = Debug|Any CPU
		{531D7B28-3918-4F37-BA3D-AC9837B56DF2}.Debug|Any CPU.Build.0 = Debug|Any CPU
		{531D7B28-3918-4F37-BA3D-AC9837B56DF2}.Release|Any CPU.ActiveCfg = Release|Any CPU
		{531D7B28-3918-4F37-BA3D-AC9837B56DF2}.Release|Any CPU.Build.0 = Release|Any CPU
		{6DDB9FD9-9B14-4224-9800-5B10BCE61211}.Debug|Any CPU.ActiveCfg = Debug|Any CPU
		{6DDB9FD9-9B14-4224-9800-5B10BCE61211}.Debug|Any CPU.Build.0 = Debug|Any CPU
		{6DDB9FD9-9B14-4224-9800-5B10BCE61211}.Debug|Any CPU.Deploy.0 = Debug|Any CPU
		{6DDB9FD9-9B14-4224-9800-5B10BCE61211}.Release|Any CPU.ActiveCfg = Release|Any CPU
		{6DDB9FD9-9B14-4224-9800-5B10BCE61211}.Release|Any CPU.Build.0 = Release|Any CPU
		{6DDB9FD9-9B14-4224-9800-5B10BCE61211}.Release|Any CPU.Deploy.0 = Release|Any CPU
		{88E2B768-B3E7-4444-9A41-4D4BA5B181FF}.Debug|Any CPU.ActiveCfg = Debug|Any CPU
		{88E2B768-B3E7-4444-9A41-4D4BA5B181FF}.Debug|Any CPU.Build.0 = Debug|Any CPU
		{88E2B768-B3E7-4444-9A41-4D4BA5B181FF}.Release|Any CPU.ActiveCfg = Release|Any CPU
		{88E2B768-B3E7-4444-9A41-4D4BA5B181FF}.Release|Any CPU.Build.0 = Release|Any CPU
		{8B7AB98D-0FEA-448D-BA0E-42E210EF9501}.Debug|Any CPU.ActiveCfg = Debug|Any CPU
		{8B7AB98D-0FEA-448D-BA0E-42E210EF9501}.Debug|Any CPU.Build.0 = Debug|Any CPU
		{8B7AB98D-0FEA-448D-BA0E-42E210EF9501}.Release|Any CPU.ActiveCfg = Release|Any CPU
		{8B7AB98D-0FEA-448D-BA0E-42E210EF9501}.Release|Any CPU.Build.0 = Release|Any CPU
	EndGlobalSection
	GlobalSection(SolutionProperties) = preSolution
		HideSolutionNode = FALSE
	EndGlobalSection
	GlobalSection(NestedProjects) = preSolution
		{9494F461-EA59-41B6-8B98-422B2A34E14B} = {515D6BC9-994F-4B81-9B88-B50490E348EA}
		{50225345-3DD0-47BB-A74E-051CE7E31D33} = {515D6BC9-994F-4B81-9B88-B50490E348EA}
		{49A5B48D-A6B2-4DE8-B7B3-49BF5E0F97AB} = {50225345-3DD0-47BB-A74E-051CE7E31D33}
		{C6FBF53C-11B1-445C-A222-648CEFD56B52} = {916C1CDA-3662-4079-9D6C-70B7FF875322}
		{643A9A00-B9CD-40EF-BB77-7F0CFA06B020} = {916C1CDA-3662-4079-9D6C-70B7FF875322}
		{3299E739-4493-4483-9E92-3DE4D15415AF} = {916C1CDA-3662-4079-9D6C-70B7FF875322}
		{BDE7B73C-1719-42C7-ADF8-4CC906C085FA} = {3299E739-4493-4483-9E92-3DE4D15415AF}
		{EE412903-D2F0-4AEC-AB29-5A50F2A0CD6C} = {64F5CA77-4EAB-423D-BFD8-87DC751BD4C3}
		{E673C663-66AE-45D1-A0ED-53D33AE30D63} = {64F5CA77-4EAB-423D-BFD8-87DC751BD4C3}
		{CAD3EE32-4C71-4B71-ACD3-0E099EA35992} = {64F5CA77-4EAB-423D-BFD8-87DC751BD4C3}
		{557174C9-B6ED-425B-BC6F-D0685BBC7CDD} = {64F5CA77-4EAB-423D-BFD8-87DC751BD4C3}
		{687CE403-62C8-47AC-BFA3-0FF0A167F434} = {557174C9-B6ED-425B-BC6F-D0685BBC7CDD}
		{9B008CBD-0D38-487D-A847-D98BE05AC6EE} = {557174C9-B6ED-425B-BC6F-D0685BBC7CDD}
		{531D7B28-3918-4F37-BA3D-AC9837B56DF2} = {0B0EA745-F40E-4095-8D26-1DF092232EB4}
		{6DDB9FD9-9B14-4224-9800-5B10BCE61211} = {916C1CDA-3662-4079-9D6C-70B7FF875322}
		{88E2B768-B3E7-4444-9A41-4D4BA5B181FF} = {515D6BC9-994F-4B81-9B88-B50490E348EA}
		{8B7AB98D-0FEA-448D-BA0E-42E210EF9501} = {916C1CDA-3662-4079-9D6C-70B7FF875322}
	EndGlobalSection
	GlobalSection(ExtensibilityGlobals) = postSolution
		SolutionGuid = {7A636D4A-A395-441E-B7FA-B7FD5DDA7598}
	EndGlobalSection
EndGlobal
